// !$*UTF8*$!
{
	archiveVersion = 1;
	classes = {
	};
	objectVersion = 56;
	objects = {

/* Begin PBXBuildFile section */
		FE13186E2A4720E700B90669 /* LocationsView.swift in Sources */ = {isa = PBXBuildFile; fileRef = FE13186D2A4720E700B90669 /* LocationsView.swift */; };
		FE1318702A4724FF00B90669 /* LocationsViewModel.swift in Sources */ = {isa = PBXBuildFile; fileRef = FE13186F2A4724FF00B90669 /* LocationsViewModel.swift */; };
		FE1318722A4864A800B90669 /* LocationsListView.swift in Sources */ = {isa = PBXBuildFile; fileRef = FE1318712A4864A800B90669 /* LocationsListView.swift */; };
		FE1318742A48856B00B90669 /* LocationPreviewView.swift in Sources */ = {isa = PBXBuildFile; fileRef = FE1318732A48856B00B90669 /* LocationPreviewView.swift */; };
		FE1318762A48A6B300B90669 /* LocationMapAnnotaionView.swift in Sources */ = {isa = PBXBuildFile; fileRef = FE1318752A48A6B300B90669 /* LocationMapAnnotaionView.swift */; };
		FE1318782A48A9C700B90669 /* LocationDetailView.swift in Sources */ = {isa = PBXBuildFile; fileRef = FE1318772A48A9C700B90669 /* LocationDetailView.swift */; };
		FED696952A4714D300F13219 /* MapApp.swift in Sources */ = {isa = PBXBuildFile; fileRef = FED696942A4714D300F13219 /* MapApp.swift */; };
		FED696972A4714D300F13219 /* ContentView.swift in Sources */ = {isa = PBXBuildFile; fileRef = FED696962A4714D300F13219 /* ContentView.swift */; };
		FED6969C2A4714D400F13219 /* Preview Assets.xcassets in Resources */ = {isa = PBXBuildFile; fileRef = FED6969B2A4714D400F13219 /* Preview Assets.xcassets */; };
		FED696A32A4715BD00F13219 /* Assets.xcassets in Resources */ = {isa = PBXBuildFile; fileRef = FED696A22A4715BD00F13219 /* Assets.xcassets */; };
		FED696A82A4716CF00F13219 /* Location.swift in Sources */ = {isa = PBXBuildFile; fileRef = FED696A72A4716CF00F13219 /* Location.swift */; };
		FED696AB2A471F4600F13219 /* LocationsDataService.swift in Sources */ = {isa = PBXBuildFile; fileRef = FED696AA2A471F4600F13219 /* LocationsDataService.swift */; };
/* End PBXBuildFile section */

/* Begin PBXFileReference section */
		FE13186D2A4720E700B90669 /* LocationsView.swift */ = {isa = PBXFileReference; lastKnownFileType = sourcecode.swift; path = LocationsView.swift; sourceTree = "<group>"; };
		FE13186F2A4724FF00B90669 /* LocationsViewModel.swift */ = {isa = PBXFileReference; lastKnownFileType = sourcecode.swift; path = LocationsViewModel.swift; sourceTree = "<group>"; };
		FE1318712A4864A800B90669 /* LocationsListView.swift */ = {isa = PBXFileReference; lastKnownFileType = sourcecode.swift; path = LocationsListView.swift; sourceTree = "<group>"; };
		FE1318732A48856B00B90669 /* LocationPreviewView.swift */ = {isa = PBXFileReference; lastKnownFileType = sourcecode.swift; path = LocationPreviewView.swift; sourceTree = "<group>"; };
		FE1318752A48A6B300B90669 /* LocationMapAnnotaionView.swift */ = {isa = PBXFileReference; lastKnownFileType = sourcecode.swift; path = LocationMapAnnotaionView.swift; sourceTree = "<group>"; };
		FE1318772A48A9C700B90669 /* LocationDetailView.swift */ = {isa = PBXFileReference; lastKnownFileType = sourcecode.swift; path = LocationDetailView.swift; sourceTree = "<group>"; };
		FED696912A4714D300F13219 /* MapApp.app */ = {isa = PBXFileReference; explicitFileType = wrapper.application; includeInIndex = 0; path = MapApp.app; sourceTree = BUILT_PRODUCTS_DIR; };
		FED696942A4714D300F13219 /* MapApp.swift */ = {isa = PBXFileReference; lastKnownFileType = sourcecode.swift; path = MapApp.swift; sourceTree = "<group>"; };
		FED696962A4714D300F13219 /* ContentView.swift */ = {isa = PBXFileReference; lastKnownFileType = sourcecode.swift; path = ContentView.swift; sourceTree = "<group>"; };
		FED6969B2A4714D400F13219 /* Preview Assets.xcassets */ = {isa = PBXFileReference; lastKnownFileType = folder.assetcatalog; path = "Preview Assets.xcassets"; sourceTree = "<group>"; };
		FED696A22A4715BD00F13219 /* Assets.xcassets */ = {isa = PBXFileReference; lastKnownFileType = folder.assetcatalog; name = Assets.xcassets; path = "b6dc374-3b0b-6bdc-3b7f-f7ce4c005a_SwiftfulMapApp-Downloads/Assets.xcassets"; sourceTree = SOURCE_ROOT; };
		FED696A72A4716CF00F13219 /* Location.swift */ = {isa = PBXFileReference; lastKnownFileType = sourcecode.swift; path = Location.swift; sourceTree = "<group>"; };
		FED696AA2A471F4600F13219 /* LocationsDataService.swift */ = {isa = PBXFileReference; fileEncoding = 4; lastKnownFileType = sourcecode.swift; name = LocationsDataService.swift; path = "b6dc374-3b0b-6bdc-3b7f-f7ce4c005a_SwiftfulMapApp-Downloads/LocationsDataService.swift"; sourceTree = SOURCE_ROOT; };
		FEFF41722A4B06F600E4A1D7 /* Info.plist */ = {isa = PBXFileReference; lastKnownFileType = text.plist; path = Info.plist; sourceTree = "<group>"; };
/* End PBXFileReference section */

/* Begin PBXFrameworksBuildPhase section */
		FED6968E2A4714D300F13219 /* Frameworks */ = {
			isa = PBXFrameworksBuildPhase;
			buildActionMask = 2147483647;
			files = (
			);
			runOnlyForDeploymentPostprocessing = 0;
		};
/* End PBXFrameworksBuildPhase section */

/* Begin PBXGroup section */
		FED696882A4714D300F13219 = {
			isa = PBXGroup;
			children = (
				FED696932A4714D300F13219 /* MapApp */,
				FED696922A4714D300F13219 /* Products */,
			);
			sourceTree = "<group>";
		};
		FED696922A4714D300F13219 /* Products */ = {
			isa = PBXGroup;
			children = (
				FED696912A4714D300F13219 /* MapApp.app */,
			);
			name = Products;
			sourceTree = "<group>";
		};
		FED696932A4714D300F13219 /* MapApp */ = {
			isa = PBXGroup;
			children = (
				FEFF41722A4B06F600E4A1D7 /* Info.plist */,
				FED696942A4714D300F13219 /* MapApp.swift */,
				FED696962A4714D300F13219 /* ContentView.swift */,
				FED696A92A471F2300F13219 /* DataServices */,
				FED696A52A47168E00F13219 /* Views */,
				FED696A62A47169400F13219 /* ViewModels */,
				FED696A42A47168600F13219 /* Models */,
				FED696A22A4715BD00F13219 /* Assets.xcassets */,
				FED6969A2A4714D400F13219 /* Preview Content */,
			);
			path = MapApp;
			sourceTree = "<group>";
		};
		FED6969A2A4714D400F13219 /* Preview Content */ = {
			isa = PBXGroup;
			children = (
				FED6969B2A4714D400F13219 /* Preview Assets.xcassets */,
			);
			path = "Preview Content";
			sourceTree = "<group>";
		};
		FED696A42A47168600F13219 /* Models */ = {
			isa = PBXGroup;
			children = (
				FED696A72A4716CF00F13219 /* Location.swift */,
			);
			path = Models;
			sourceTree = "<group>";
		};
		FED696A52A47168E00F13219 /* Views */ = {
			isa = PBXGroup;
			children = (
				FE13186D2A4720E700B90669 /* LocationsView.swift */,
				FE1318712A4864A800B90669 /* LocationsListView.swift */,
				FE1318732A48856B00B90669 /* LocationPreviewView.swift */,
				FE1318752A48A6B300B90669 /* LocationMapAnnotaionView.swift */,
				FE1318772A48A9C700B90669 /* LocationDetailView.swift */,
			);
			path = Views;
			sourceTree = "<group>";
		};
		FED696A62A47169400F13219 /* ViewModels */ = {
			isa = PBXGroup;
			children = (
				FE13186F2A4724FF00B90669 /* LocationsViewModel.swift */,
			);
			path = ViewModels;
			sourceTree = "<group>";
		};
		FED696A92A471F2300F13219 /* DataServices */ = {
			isa = PBXGroup;
			children = (
				FED696AA2A471F4600F13219 /* LocationsDataService.swift */,
			);
			path = DataServices;
			sourceTree = "<group>";
		};
/* End PBXGroup section */

/* Begin PBXNativeTarget section */
		FED696902A4714D300F13219 /* MapApp */ = {
			isa = PBXNativeTarget;
			buildConfigurationList = FED6969F2A4714D400F13219 /* Build configuration list for PBXNativeTarget "MapApp" */;
			buildPhases = (
				FED6968D2A4714D300F13219 /* Sources */,
				FED6968E2A4714D300F13219 /* Frameworks */,
				FED6968F2A4714D300F13219 /* Resources */,
			);
			buildRules = (
			);
			dependencies = (
			);
			name = MapApp;
			productName = MapApp;
			productReference = FED696912A4714D300F13219 /* MapApp.app */;
			productType = "com.apple.product-type.application";
		};
/* End PBXNativeTarget section */

/* Begin PBXProject section */
		FED696892A4714D300F13219 /* Project object */ = {
			isa = PBXProject;
			attributes = {
				BuildIndependentTargetsInParallel = 1;
				LastSwiftUpdateCheck = 1430;
				LastUpgradeCheck = 1430;
				TargetAttributes = {
					FED696902A4714D300F13219 = {
						CreatedOnToolsVersion = 14.3;
					};
				};
			};
			buildConfigurationList = FED6968C2A4714D300F13219 /* Build configuration list for PBXProject "MapApp" */;
			compatibilityVersion = "Xcode 14.0";
			developmentRegion = en;
			hasScannedForEncodings = 0;
			knownRegions = (
				en,
				Base,
			);
			mainGroup = FED696882A4714D300F13219;
			productRefGroup = FED696922A4714D300F13219 /* Products */;
			projectDirPath = "";
			projectRoot = "";
			targets = (
				FED696902A4714D300F13219 /* MapApp */,
			);
		};
/* End PBXProject section */

/* Begin PBXResourcesBuildPhase section */
		FED6968F2A4714D300F13219 /* Resources */ = {
			isa = PBXResourcesBuildPhase;
			buildActionMask = 2147483647;
			files = (
				FED696A32A4715BD00F13219 /* Assets.xcassets in Resources */,
				FED6969C2A4714D400F13219 /* Preview Assets.xcassets in Resources */,
			);
			runOnlyForDeploymentPostprocessing = 0;
		};
/* End PBXResourcesBuildPhase section */

/* Begin PBXSourcesBuildPhase section */
		FED6968D2A4714D300F13219 /* Sources */ = {
			isa = PBXSourcesBuildPhase;
			buildActionMask = 2147483647;
			files = (
				FED696AB2A471F4600F13219 /* LocationsDataService.swift in Sources */,
				FE1318722A4864A800B90669 /* LocationsListView.swift in Sources */,
				FE1318742A48856B00B90669 /* LocationPreviewView.swift in Sources */,
				FE1318702A4724FF00B90669 /* LocationsViewModel.swift in Sources */,
				FE1318762A48A6B300B90669 /* LocationMapAnnotaionView.swift in Sources */,
				FED696972A4714D300F13219 /* ContentView.swift in Sources */,
				FE13186E2A4720E700B90669 /* LocationsView.swift in Sources */,
				FED696A82A4716CF00F13219 /* Location.swift in Sources */,
				FE1318782A48A9C700B90669 /* LocationDetailView.swift in Sources */,
				FED696952A4714D300F13219 /* MapApp.swift in Sources */,
			);
			runOnlyForDeploymentPostprocessing = 0;
		};
/* End PBXSourcesBuildPhase section */

/* Begin XCBuildConfiguration section */
		FED6969D2A4714D400F13219 /* Debug */ = {
			isa = XCBuildConfiguration;
			buildSettings = {
				ALWAYS_SEARCH_USER_PATHS = NO;
				CLANG_ANALYZER_NONNULL = YES;
				CLANG_ANALYZER_NUMBER_OBJECT_CONVERSION = YES_AGGRESSIVE;
				CLANG_CXX_LANGUAGE_STANDARD = "gnu++20";
				CLANG_ENABLE_MODULES = YES;
				CLANG_ENABLE_OBJC_ARC = YES;
				CLANG_ENABLE_OBJC_WEAK = YES;
				CLANG_WARN_BLOCK_CAPTURE_AUTORELEASING = YES;
				CLANG_WARN_BOOL_CONVERSION = YES;
				CLANG_WARN_COMMA = YES;
				CLANG_WARN_CONSTANT_CONVERSION = YES;
				CLANG_WARN_DEPRECATED_OBJC_IMPLEMENTATIONS = YES;
				CLANG_WARN_DIRECT_OBJC_ISA_USAGE = YES_ERROR;
				CLANG_WARN_DOCUMENTATION_COMMENTS = YES;
				CLANG_WARN_EMPTY_BODY = YES;
				CLANG_WARN_ENUM_CONVERSION = YES;
				CLANG_WARN_INFINITE_RECURSION = YES;
				CLANG_WARN_INT_CONVERSION = YES;
				CLANG_WARN_NON_LITERAL_NULL_CONVERSION = YES;
				CLANG_WARN_OBJC_IMPLICIT_RETAIN_SELF = YES;
				CLANG_WARN_OBJC_LITERAL_CONVERSION = YES;
				CLANG_WARN_OBJC_ROOT_CLASS = YES_ERROR;
				CLANG_WARN_QUOTED_INCLUDE_IN_FRAMEWORK_HEADER = YES;
				CLANG_WARN_RANGE_LOOP_ANALYSIS = YES;
				CLANG_WARN_STRICT_PROTOTYPES = YES;
				CLANG_WARN_SUSPICIOUS_MOVE = YES;
				CLANG_WARN_UNGUARDED_AVAILABILITY = YES_AGGRESSIVE;
				CLANG_WARN_UNREACHABLE_CODE = YES;
				CLANG_WARN__DUPLICATE_METHOD_MATCH = YES;
				COPY_PHASE_STRIP = NO;
				DEBUG_INFORMATION_FORMAT = dwarf;
				ENABLE_STRICT_OBJC_MSGSEND = YES;
				ENABLE_TESTABILITY = YES;
				GCC_C_LANGUAGE_STANDARD = gnu11;
				GCC_DYNAMIC_NO_PIC = NO;
				GCC_NO_COMMON_BLOCKS = YES;
				GCC_OPTIMIZATION_LEVEL = 0;
				GCC_PREPROCESSOR_DEFINITIONS = (
					"DEBUG=1",
					"$(inherited)",
				);
				GCC_WARN_64_TO_32_BIT_CONVERSION = YES;
				GCC_WARN_ABOUT_RETURN_TYPE = YES_ERROR;
				GCC_WARN_UNDECLARED_SELECTOR = YES;
				GCC_WARN_UNINITIALIZED_AUTOS = YES_AGGRESSIVE;
				GCC_WARN_UNUSED_FUNCTION = YES;
				GCC_WARN_UNUSED_VARIABLE = YES;
				IPHONEOS_DEPLOYMENT_TARGET = 16.4;
				MTL_ENABLE_DEBUG_INFO = INCLUDE_SOURCE;
				MTL_FAST_MATH = YES;
				ONLY_ACTIVE_ARCH = YES;
				SDKROOT = iphoneos;
				SWIFT_ACTIVE_COMPILATION_CONDITIONS = DEBUG;
				SWIFT_OPTIMIZATION_LEVEL = "-Onone";
			};
			name = Debug;
		};
		FED6969E2A4714D400F13219 /* Release */ = {
			isa = XCBuildConfiguration;
			buildSettings = {
				ALWAYS_SEARCH_USER_PATHS = NO;
				CLANG_ANALYZER_NONNULL = YES;
				CLANG_ANALYZER_NUMBER_OBJECT_CONVERSION = YES_AGGRESSIVE;
				CLANG_CXX_LANGUAGE_STANDARD = "gnu++20";
				CLANG_ENABLE_MODULES = YES;
				CLANG_ENABLE_OBJC_ARC = YES;
				CLANG_ENABLE_OBJC_WEAK = YES;
				CLANG_WARN_BLOCK_CAPTURE_AUTORELEASING = YES;
				CLANG_WARN_BOOL_CONVERSION = YES;
				CLANG_WARN_COMMA = YES;
				CLANG_WARN_CONSTANT_CONVERSION = YES;
				CLANG_WARN_DEPRECATED_OBJC_IMPLEMENTATIONS = YES;
				CLANG_WARN_DIRECT_OBJC_ISA_USAGE = YES_ERROR;
				CLANG_WARN_DOCUMENTATION_COMMENTS = YES;
				CLANG_WARN_EMPTY_BODY = YES;
				CLANG_WARN_ENUM_CONVERSION = YES;
				CLANG_WARN_INFINITE_RECURSION = YES;
				CLANG_WARN_INT_CONVERSION = YES;
				CLANG_WARN_NON_LITERAL_NULL_CONVERSION = YES;
				CLANG_WARN_OBJC_IMPLICIT_RETAIN_SELF = YES;
				CLANG_WARN_OBJC_LITERAL_CONVERSION = YES;
				CLANG_WARN_OBJC_ROOT_CLASS = YES_ERROR;
				CLANG_WARN_QUOTED_INCLUDE_IN_FRAMEWORK_HEADER = YES;
				CLANG_WARN_RANGE_LOOP_ANALYSIS = YES;
				CLANG_WARN_STRICT_PROTOTYPES = YES;
				CLANG_WARN_SUSPICIOUS_MOVE = YES;
				CLANG_WARN_UNGUARDED_AVAILABILITY = YES_AGGRESSIVE;
				CLANG_WARN_UNREACHABLE_CODE = YES;
				CLANG_WARN__DUPLICATE_METHOD_MATCH = YES;
				COPY_PHASE_STRIP = NO;
				DEBUG_INFORMATION_FORMAT = "dwarf-with-dsym";
				ENABLE_NS_ASSERTIONS = NO;
				ENABLE_STRICT_OBJC_MSGSEND = YES;
				GCC_C_LANGUAGE_STANDARD = gnu11;
				GCC_NO_COMMON_BLOCKS = YES;
				GCC_WARN_64_TO_32_BIT_CONVERSION = YES;
				GCC_WARN_ABOUT_RETURN_TYPE = YES_ERROR;
				GCC_WARN_UNDECLARED_SELECTOR = YES;
				GCC_WARN_UNINITIALIZED_AUTOS = YES_AGGRESSIVE;
				GCC_WARN_UNUSED_FUNCTION = YES;
				GCC_WARN_UNUSED_VARIABLE = YES;
				IPHONEOS_DEPLOYMENT_TARGET = 16.4;
				MTL_ENABLE_DEBUG_INFO = NO;
				MTL_FAST_MATH = YES;
				SDKROOT = iphoneos;
				SWIFT_COMPILATION_MODE = wholemodule;
				SWIFT_OPTIMIZATION_LEVEL = "-O";
				VALIDATE_PRODUCT = YES;
			};
			name = Release;
		};
		FED696A02A4714D400F13219 /* Debug */ = {
			isa = XCBuildConfiguration;
			buildSettings = {
				ASSETCATALOG_COMPILER_APPICON_NAME = AppIcon;
				ASSETCATALOG_COMPILER_GLOBAL_ACCENT_COLOR_NAME = AccentColor;
				CODE_SIGN_STYLE = Automatic;
				CURRENT_PROJECT_VERSION = 1;
				DEVELOPMENT_ASSET_PATHS = "\"MapApp/Preview Content\"";
				DEVELOPMENT_TEAM = U59ACTGLF9;
				ENABLE_PREVIEWS = YES;
				GENERATE_INFOPLIST_FILE = YES;
				INFOPLIST_FILE = MapApp/Info.plist;
				INFOPLIST_KEY_CFBundleDisplayName = GeoMap;
				INFOPLIST_KEY_UIApplicationSceneManifest_Generation = YES;
				INFOPLIST_KEY_UIApplicationSupportsIndirectInputEvents = YES;
				INFOPLIST_KEY_UISupportedInterfaceOrientations_iPad = "UIInterfaceOrientationPortrait UIInterfaceOrientationPortraitUpsideDown UIInterfaceOrientationLandscapeLeft UIInterfaceOrientationLandscapeRight";
				INFOPLIST_KEY_UISupportedInterfaceOrientations_iPhone = UIInterfaceOrientationPortrait;
				LD_RUNPATH_SEARCH_PATHS = (
					"$(inherited)",
					"@executable_path/Frameworks",
				);
				MARKETING_VERSION = 1.0;
				PRODUCT_BUNDLE_IDENTIFIER = com.chetanchoudhary.MapApp;
				PRODUCT_NAME = "$(TARGET_NAME)";
				SWIFT_EMIT_LOC_STRINGS = YES;
				SWIFT_VERSION = 5.0;
				TARGETED_DEVICE_FAMILY = "1,2";
			};
			name = Debug;
		};
		FED696A12A4714D400F13219 /* Release */ = {
			isa = XCBuildConfiguration;
			buildSettings = {
				ASSETCATALOG_COMPILER_APPICON_NAME = AppIcon;
				ASSETCATALOG_COMPILER_GLOBAL_ACCENT_COLOR_NAME = AccentColor;
				CODE_SIGN_STYLE = Automatic;
				CURRENT_PROJECT_VERSION = 1;
				DEVELOPMENT_ASSET_PATHS = "\"MapApp/Preview Content\"";
				DEVELOPMENT_TEAM = U59ACTGLF9;
				ENABLE_PREVIEWS = YES;
				GENERATE_INFOPLIST_FILE = YES;
				INFOPLIST_FILE = MapApp/Info.plist;
				INFOPLIST_KEY_CFBundleDisplayName = GeoMap;
				INFOPLIST_KEY_UIApplicationSceneManifest_Generation = YES;
				INFOPLIST_KEY_UIApplicationSupportsIndirectInputEvents = YES;
				INFOPLIST_KEY_UISupportedInterfaceOrientations_iPad = "UIInterfaceOrientationPortrait UIInterfaceOrientationPortraitUpsideDown UIInterfaceOrientationLandscapeLeft UIInterfaceOrientationLandscapeRight";
				INFOPLIST_KEY_UISupportedInterfaceOrientations_iPhone = UIInterfaceOrientationPortrait;
				LD_RUNPATH_SEARCH_PATHS = (
					"$(inherited)",
					"@executable_path/Frameworks",
				);
				MARKETING_VERSION = 1.0;
				PRODUCT_BUNDLE_IDENTIFIER = com.chetanchoudhary.MapApp;
				PRODUCT_NAME = "$(TARGET_NAME)";
				SWIFT_EMIT_LOC_STRINGS = YES;
				SWIFT_VERSION = 5.0;
				TARGETED_DEVICE_FAMILY = "1,2";
			};
			name = Release;
		};
/* End XCBuildConfiguration section */

/* Begin XCConfigurationList section */
		FED6968C2A4714D300F13219 /* Build configuration list for PBXProject "MapApp" */ = {
			isa = XCConfigurationList;
			buildConfigurations = (
				FED6969D2A4714D400F13219 /* Debug */,
				FED6969E2A4714D400F13219 /* Release */,
			);
			defaultConfigurationIsVisible = 0;
			defaultConfigurationName = Release;
		};
		FED6969F2A4714D400F13219 /* Build configuration list for PBXNativeTarget "MapApp" */ = {
			isa = XCConfigurationList;
			buildConfigurations = (
				FED696A02A4714D400F13219 /* Debug */,
				FED696A12A4714D400F13219 /* Release */,
			);
			defaultConfigurationIsVisible = 0;
			defaultConfigurationName = Release;
		};
/* End XCConfigurationList section */
	};
	rootObject = FED696892A4714D300F13219 /* Project object */;
}
